{
    "_meta": {
        "hash": {
            "sha256": "66e8e9fb3325f6c7c929f4758c9df9d6e2ea61680ef2e4df19a159ec018189e1"
        },
        "pipfile-spec": 6,
        "requires": {
            "python_version": "3.8"
        },
        "sources": [
            {
                "name": "pypi",
                "url": "https://pypi.org/simple",
                "verify_ssl": true
            }
        ]
    },
    "default": {
        "future": {
            "hashes": [
                "sha256:b1bead90b70cf6ec3f0710ae53a525360fa360d306a86583adc6bf83a4db537d"
            ],
            "version": "==0.18.2"
        },
        "multipledispatch": {
            "hashes": [
                "sha256:407e6d8c5fa27075968ba07c4db3ef5f02bea4e871e959570eeb69ee39a6565b",
                "sha256:a55c512128fb3f7c2efd2533f2550accb93c35f1045242ef74645fc92a2c3cba",
                "sha256:a7ab1451fd0bf9b92cab3edbd7b205622fb767aeefb4fb536c2e3de9e0a38bea"
            ],
            "version": "==0.6.0"
        },
        "numpy": {
            "hashes": [
                "sha256:1786a08236f2c92ae0e70423c45e1e62788ed33028f94ca99c4df03f5be6b3c6",
                "sha256:17aa7a81fe7599a10f2b7d95856dc5cf84a4eefa45bc96123cbbc3ebc568994e",
                "sha256:20b26aaa5b3da029942cdcce719b363dbe58696ad182aff0e5dcb1687ec946dc",
                "sha256:2d75908ab3ced4223ccba595b48e538afa5ecc37405923d1fea6906d7c3a50bc",
                "sha256:39d2c685af15d3ce682c99ce5925cc66efc824652e10990d2462dfe9b8918c6a",
                "sha256:56bc8ded6fcd9adea90f65377438f9fea8c05fcf7c5ba766bef258d0da1554aa",
                "sha256:590355aeade1a2eaba17617c19edccb7db8d78760175256e3cf94590a1a964f3",
                "sha256:70a840a26f4e61defa7bdf811d7498a284ced303dfbc35acb7be12a39b2aa121",
                "sha256:77c3bfe65d8560487052ad55c6998a04b654c2fbc36d546aef2b2e511e760971",
                "sha256:9537eecf179f566fd1c160a2e912ca0b8e02d773af0a7a1120ad4f7507cd0d26",
                "sha256:9acdf933c1fd263c513a2df3dceecea6f3ff4419d80bf238510976bf9bcb26cd",
                "sha256:ae0975f42ab1f28364dcda3dde3cf6c1ddab3e1d4b2909da0cb0191fa9ca0480",
                "sha256:b3af02ecc999c8003e538e60c89a2b37646b39b688d4e44d7373e11c2debabec",
                "sha256:b6ff59cee96b454516e47e7721098e6ceebef435e3e21ac2d6c3b8b02628eb77",
                "sha256:b765ed3930b92812aa698a455847141869ef755a87e099fddd4ccf9d81fffb57",
                "sha256:c98c5ffd7d41611407a1103ae11c8b634ad6a43606eca3e2a5a269e5d6e8eb07",
                "sha256:cf7eb6b1025d3e169989416b1adcd676624c2dbed9e3bcb7137f51bfc8cc2572",
                "sha256:d92350c22b150c1cae7ebb0ee8b5670cc84848f6359cf6b5d8f86617098a9b73",
                "sha256:e422c3152921cece8b6a2fb6b0b4d73b6579bd20ae075e7d15143e711f3ca2ca",
                "sha256:e840f552a509e3380b0f0ec977e8124d0dc34dc0e68289ca28f4d7c1d0d79474",
                "sha256:f3d0a94ad151870978fb93538e95411c83899c9dc63e6fb65542f769568ecfa5"
            ],
            "index": "pypi",
            "version": "==1.18.1"
        },
        "pygame": {
            "hashes": [
                "sha256:026e835dc69ab50db3f62e01884dceeee25283c04f5dbe992f059e24c11e29b3",
                "sha256:07d9f21e2aee6679bcff760b93d336ca0981000a5bb6e665708ea9f08e9c06f6",
                "sha256:134be66f54e1d588d3198f308afed3d495e5e9c1b1c36ffe71efc0afd2057eaf",
                "sha256:33795983f9fdce22b6e934f62d813364dbbd8846de25500fb9328f2a0ea619f9",
                "sha256:33b50c90559b944b466f1cd0181a3019f80f50783fe58f43369b078c0c7172ef",
                "sha256:34b03b5c411b60e1dca096f0237a59521b5cab0d32b388c5b3a00c1d371a5266",
                "sha256:545da86be8ed0f9af19e636ecf1c6ed2d2851d64abed7f1a64e517abb2f3058b",
                "sha256:54b55f9f2fcf80aaf8c8ce2fd465e1b5cac948ccbd5a1d74561e63a9d9abd5f5",
                "sha256:587a5d52ba71ea16b299dce672d8d986364c9a4b0640fef49351839fa14a5950",
                "sha256:7183302b00706ed6a886fac9775fb7f44e7a96b60aab75c73473a763a19f62b8",
                "sha256:72238e9681713e68576483c8e8d7ea63c1b3bf7ee0d316f60239c5132a5b1115",
                "sha256:7a01dced9d7880b4107b0b7fe65fc427c8886f26f36e4ada6eec809259742767",
                "sha256:7d56c36ea9a71edb2aacdf5f628d31a9ffbf4bde025b1c9b77f707e8400dd910",
                "sha256:7f6f710e7fd07adafdda139d4d43f358da666db2544608eabf0a43b1fb5dc5a4",
                "sha256:8be68d1ddbb7a21ae2df8bf9621b7f6cc6bb6a15a49e76e105bd7fe9d88b84b3",
                "sha256:8cf102e4b7ff37e6303b310ec38585a153a31c1eed3b5ceeae0df6f01d35ae01",
                "sha256:94b3bae28d5811c400673918a0dd656f6deeb691b3530f25ee367180c822dfbe",
                "sha256:9d122c30c731226efab9d1454919bb6595275345754513017b5798378f748200",
                "sha256:a2062458a8b3646a13a93dbd557b46f57d6fc884486d4f14b1cb232c4014c03c",
                "sha256:a39205e3e0d30a35cdab72fd22808db561599cb95e7c73ca6a113b7273f15529",
                "sha256:a9389e8b5fe55b1a1b62ccbcf8df55907bbe0250536bf39c2686f6d40d6c3e5a",
                "sha256:b82470b9719dcccd1e26db132af055d5dd2fedd347ba272cc3788bf4723314de",
                "sha256:bd6aca8554745760b3aade96586272fd724438b20aaa2c7335ffb8bab293e852",
                "sha256:c1c5043fdc10629debabadb21854d8ff9f5642103d61f02df71104a270c2d0cc",
                "sha256:db9332d5b6040c3c0c6eed54fcd75b6fd592a219734c7bfb1cc5ecced82f0683",
                "sha256:e649cda58ebc5480e83db0fa217751ea5e73b3bd556ff019319acdf9a381d67c",
                "sha256:feb72207824d0e77fc5c13ade0f5c9207ce0e4d0b14aa30e7e0e16f61ec36b25"
            ],
            "index": "pypi",
            "version": "==2.0.0.dev6"
        },
        "pyglet": {
            "hashes": [
                "sha256:9ae8ef328382ee4705ac52a000e37f7cb3209220a33ef779e3b18a9d23baef9b",
                "sha256:c57e3e18246f45e4d6bb3d29e39d128d6e72b05f4212b10353adc3ba260ceb65"
            ],
            "index": "pypi",
            "version": "==1.4.10"
        },
        "pyopengl": {
            "hashes": [
                "sha256:11ad32c7bde7ea0ffb7a94dd552c639ca72376982a8dd6fe0c092d2002a4ca6e",
                "sha256:36b4ac28220e4bfa29e5557525ad2967ca74558a94bccea48864fc742b18db11",
                "sha256:4107ba0d0390da5766a08c242cf0cf3404c377ed293c5f6d701e457c57ba3424"
            ],
            "index": "pypi",
            "version": "==3.1.5"
        },
        "pyopengl-accelerate": {
            "hashes": [
                "sha256:12e5518b0216a478527c7ce5ddce623c3d0517adeb87226da767772e8b7f2f06",
                "sha256:1528f7aa309ac97a33f47254fe98f1722f2b1d3f6ae6c6c711f79fd1344cec6a",
                "sha256:1544c4d8b9cd3de6ea9c03134c09e73ea2e64ae47f74e777bf165ddd6440a690",
                "sha256:1fffceb8bf5430d15d60da6290671554a33b8c1a5a49e689639e03629bc5f03a",
                "sha256:24d9c78edf6a9ca2e4a924370c1125459849be6ab03d285722b8e566713db35f",
                "sha256:45ee0631d7a8cfafa8db9968eebc661651541dae013c51e8be442f38ecccefd8",
                "sha256:79d0b9979fbdb9c8e964f1946ea5a91a39a6b99e2742e9294a7c8dfe3bbd0942",
                "sha256:7f40ade60a84b58a39809aec22dac71ed353a912df98dad74e4f66d76ee83184",
                "sha256:a029c821e3b0a7b16d28e3ab4b49e9c9891f27fde0116c2c2a7bf9399ce34935",
                "sha256:a10359165aeffc78060255d6f999db9bf9f6fa4c1fc86493a69aeaf8b559ea50",
                "sha256:c8521040abe9a3e54215df44987375ddb8595e8807d748c3cc9973f81c1d9d43",
                "sha256:c96478b98a15bc64c507c33cdaff09a39c564868860206efae06afe70fcff4e6",
                "sha256:c9e4e46cd93125f478f61645f813c852d6c066265b656a32912de435f088adce",
                "sha256:d1f7c22a6ac8d4815a24de4806ff80efe51ee20c991c39ca0956d60ff60b628d",
                "sha256:d6cd74d37cf370d897b912b11afc3466bf415f861b4fb124eaa7733672712472"
            ],
            "index": "pypi",
            "version": "==3.1.5"
        },
        "pyrr": {
            "hashes": [
                "sha256:3c0f7b20326e71f706a610d58f2190fff73af01eef60c19cb188b186f0ec7e1d",
                "sha256:d8af23fb9bb29262405845e1c98f7339fbba5e49323b98528bd01160a75c65ac"
            ],
            "index": "pypi",
            "version": "==0.10.3"
        },
        "six": {
            "hashes": [
                "sha256:236bdbdce46e6e6a3d61a337c0f8b763ca1e8717c03b369e87a7ec7ce1319c0a",
                "sha256:8f3cd2e254d8f793e7f3d6d9df77b92252b52637291d0f0da013c76ea2724b6c"
            ],
            "version": "==1.14.0"
        }
    },
    "develop": {
        "autopep8": {
            "hashes": [
                "sha256:0f592a0447acea0c2b0a9602be1e4e3d86db52badd2e3c84f0193bfd89fd3a43"
            ],
            "index": "pypi",
            "version": "==1.5"
        },
        "pycodestyle": {
            "hashes": [
                "sha256:95a2219d12372f05704562a14ec30bc76b05a5b297b21a5dfe3f6fac3491ae56",
                "sha256:e40a936c9a450ad81df37f549d676d127b1b66000a6c500caa2b085bc0ca976c"
            ],
            "version": "==2.5.0"
        }
    }
}
